
Microsoft Visual Studio Solution File, Format Version 12.00
# Visual Studio 2013
VisualStudioVersion = 12.0.30723.0
MinimumVisualStudioVersion = 10.0.40219.1
Project("{FAE04EC0-301F-11D3-BF4B-00C04F79EFBC}") = "Kindred", "Kindred\Kindred.csproj", "{F7C2B055-8C5E-4835-A5E3-5D11B840E106}"
EndProject
Project("{FAE04EC0-301F-11D3-BF4B-00C04F79EFBC}") = "Kalista", "Kalista\Kalista.csproj", "{33CBE41A-DEBB-47DA-898B-107F65772E28}"
EndProject
Project("{FAE04EC0-301F-11D3-BF4B-00C04F79EFBC}") = "Blitzcrank", "Blitzcrank\Blitzcrank.csproj", "{76B4BC91-BC64-42E0-988F-4B350C6743D2}"
EndProject
Project("{FAE04EC0-301F-11D3-BF4B-00C04F79EFBC}") = "Dev-a-lot", "Dev-a-lot\Dev-a-lot.csproj", "{150D9E4D-56D6-4E8E-B2BE-26195F4295FD}"
EndProject
Project("{FAE04EC0-301F-11D3-BF4B-00C04F79EFBC}") = "Xerath", "Xerath\Xerath.csproj", "{60AE766F-4FFD-4DC5-AD4A-07835420C5E9}"
EndProject
Project("{FAE04EC0-301F-11D3-BF4B-00C04F79EFBC}") = "Gnaaar", "Gnaaar\Gnaaar.csproj", "{75ED8215-1DB7-4DC6-B08E-392A574DCD46}"
EndProject
Project("{FAE04EC0-301F-11D3-BF4B-00C04F79EFBC}") = "MasterMind", "MasterMind\MasterMind.csproj", "{7B55B961-5B6A-4971-BFA7-F6863A113E1E}"
EndProject
Project("{FAE04EC0-301F-11D3-BF4B-00C04F79EFBC}") = "TheSupport", "TheSupport\TheSupport.csproj", "{8C5C6251-1B35-4966-8FFE-A8FA8F0DA72A}"
EndProject
Project("{FAE04EC0-301F-11D3-BF4B-00C04F79EFBC}") = "Karthus", "Karthus\Karthus.csproj", "{C3478018-D371-4284-945D-5C8E364F0D12}"
EndProject
Project("{FAE04EC0-301F-11D3-BF4B-00C04F79EFBC}") = "EmoteSpammer", "EmoteSpammer\EmoteSpammer.csproj", "{F5C4E27A-6DC4-40F2-8684-88DE48E29F40}"
EndProject
Global
	GlobalSection(SolutionConfigurationPlatforms) = preSolution
		Debug|x86 = Debug|x86
		Release|x86 = Release|x86
	EndGlobalSection
	GlobalSection(ProjectConfigurationPlatforms) = postSolution
		{F7C2B055-8C5E-4835-A5E3-5D11B840E106}.Debug|x86.ActiveCfg = Debug|Any CPU
		{F7C2B055-8C5E-4835-A5E3-5D11B840E106}.Debug|x86.Build.0 = Debug|Any CPU
		{F7C2B055-8C5E-4835-A5E3-5D11B840E106}.Release|x86.ActiveCfg = Release|Any CPU
		{F7C2B055-8C5E-4835-A5E3-5D11B840E106}.Release|x86.Build.0 = Release|Any CPU
		{33CBE41A-DEBB-47DA-898B-107F65772E28}.Debug|x86.ActiveCfg = Debug|Any CPU
		{33CBE41A-DEBB-47DA-898B-107F65772E28}.Debug|x86.Build.0 = Debug|Any CPU
		{33CBE41A-DEBB-47DA-898B-107F65772E28}.Release|x86.ActiveCfg = Release|Any CPU
		{33CBE41A-DEBB-47DA-898B-107F65772E28}.Release|x86.Build.0 = Release|Any CPU
		{76B4BC91-BC64-42E0-988F-4B350C6743D2}.Debug|x86.ActiveCfg = Debug|Any CPU
		{76B4BC91-BC64-42E0-988F-4B350C6743D2}.Debug|x86.Build.0 = Debug|Any CPU
		{76B4BC91-BC64-42E0-988F-4B350C6743D2}.Release|x86.ActiveCfg = Release|Any CPU
		{76B4BC91-BC64-42E0-988F-4B350C6743D2}.Release|x86.Build.0 = Release|Any CPU
		{150D9E4D-56D6-4E8E-B2BE-26195F4295FD}.Debug|x86.ActiveCfg = Debug|Any CPU
		{150D9E4D-56D6-4E8E-B2BE-26195F4295FD}.Debug|x86.Build.0 = Debug|Any CPU
		{150D9E4D-56D6-4E8E-B2BE-26195F4295FD}.Release|x86.ActiveCfg = Release|Any CPU
		{150D9E4D-56D6-4E8E-B2BE-26195F4295FD}.Release|x86.Build.0 = Release|Any CPU
		{60AE766F-4FFD-4DC5-AD4A-07835420C5E9}.Debug|x86.ActiveCfg = Debug|Any CPU
		{60AE766F-4FFD-4DC5-AD4A-07835420C5E9}.Debug|x86.Build.0 = Debug|Any CPU
		{60AE766F-4FFD-4DC5-AD4A-07835420C5E9}.Release|x86.ActiveCfg = Release|Any CPU
		{60AE766F-4FFD-4DC5-AD4A-07835420C5E9}.Release|x86.Build.0 = Release|Any CPU
		{75ED8215-1DB7-4DC6-B08E-392A574DCD46}.Debug|x86.ActiveCfg = Debug|Any CPU
		{75ED8215-1DB7-4DC6-B08E-392A574DCD46}.Debug|x86.Build.0 = Debug|Any CPU
		{75ED8215-1DB7-4DC6-B08E-392A574DCD46}.Release|x86.ActiveCfg = Release|Any CPU
		{75ED8215-1DB7-4DC6-B08E-392A574DCD46}.Release|x86.Build.0 = Release|Any CPU
		{7B55B961-5B6A-4971-BFA7-F6863A113E1E}.Debug|x86.ActiveCfg = Debug|Any CPU
		{7B55B961-5B6A-4971-BFA7-F6863A113E1E}.Debug|x86.Build.0 = Debug|Any CPU
		{7B55B961-5B6A-4971-BFA7-F6863A113E1E}.Release|x86.ActiveCfg = Release|Any CPU
		{7B55B961-5B6A-4971-BFA7-F6863A113E1E}.Release|x86.Build.0 = Release|Any CPU
		{8C5C6251-1B35-4966-8FFE-A8FA8F0DA72A}.Debug|x86.ActiveCfg = Debug|Any CPU
		{8C5C6251-1B35-4966-8FFE-A8FA8F0DA72A}.Debug|x86.Build.0 = Debug|Any CPU
		{8C5C6251-1B35-4966-8FFE-A8FA8F0DA72A}.Release|x86.ActiveCfg = Release|Any CPU
		{8C5C6251-1B35-4966-8FFE-A8FA8F0DA72A}.Release|x86.Build.0 = Release|Any CPU
		{C3478018-D371-4284-945D-5C8E364F0D12}.Debug|x86.ActiveCfg = Debug|Any CPU
		{C3478018-D371-4284-945D-5C8E364F0D12}.Debug|x86.Build.0 = Debug|Any CPU
		{C3478018-D371-4284-945D-5C8E364F0D12}.Release|x86.ActiveCfg = Release|Any CPU
		{C3478018-D371-4284-945D-5C8E364F0D12}.Release|x86.Build.0 = Release|Any CPU
		{F5C4E27A-6DC4-40F2-8684-88DE48E29F40}.Debug|x86.ActiveCfg = Debug|Any CPU
		{F5C4E27A-6DC4-40F2-8684-88DE48E29F40}.Debug|x86.Build.0 = Debug|Any CPU
		{F5C4E27A-6DC4-40F2-8684-88DE48E29F40}.Release|x86.ActiveCfg = Release|Any CPU
		{F5C4E27A-6DC4-40F2-8684-88DE48E29F40}.Release|x86.Build.0 = Release|Any CPU
	EndGlobalSection
	GlobalSection(SolutionProperties) = preSolution
		HideSolutionNode = FALSE
	EndGlobalSection
EndGlobal
